# THIS IS AN AUTOGENERATED FILE. DO NOT EDIT THIS FILE DIRECTLY.
# yarn lockfile v1


utm-latlng@^1.0.6:
  version "1.0.6"
  resolved "https://registry.yarnpkg.com/utm-latlng/-/utm-latlng-1.0.6.tgz#8b0d750a11f50e7427c6cbf0cc73241ed6edbf0d"
  integrity sha512-7mDyWVwmrt3HpfbIS5x11arkd+v6R/tkvd8ymQwfGG0gAJypq4HLvALJEBVtX1F3AicAjbNJ1MZd94GJkFsYaQ==
